
Microsoft Visual Studio Solution File, Format Version 12.00
# Visual Studio 15
VisualStudioVersion = 15.0.27428.2005
MinimumVisualStudioVersion = 10.0.40219.1
Project("{FAE04EC0-301F-11D3-BF4B-00C04F79EFBC}") = "SushiDelivery", "SushiDelivery\SushiDelivery.csproj", "{8C3B3D16-7EFF-4EA2-942B-85B45331CDB1}"
EndProject
Project("{FAE04EC0-301F-11D3-BF4B-00C04F79EFBC}") = "SushiDelivery.UI", "SushiDelivery.UI\SushiDelivery.UI.csproj", "{154102F7-849B-4BF9-A48A-CEF6489226DA}"
EndProject
Project("{FAE04EC0-301F-11D3-BF4B-00C04F79EFBC}") = "SushiDelivery.LicenceGenerator", "SushiDelivery.LicenceGenerator\SushiDelivery.LicenceGenerator.csproj", "{DFD086CC-8D42-4D5D-8E4E-41C4DAF2B108}"
EndProject
Global
	GlobalSection(SolutionConfigurationPlatforms) = preSolution
		Debug|Any CPU = Debug|Any CPU
		Release|Any CPU = Release|Any CPU
	EndGlobalSection
	GlobalSection(ProjectConfigurationPlatforms) = postSolution
		{8C3B3D16-7EFF-4EA2-942B-85B45331CDB1}.Debug|Any CPU.ActiveCfg = Debug|Any CPU
		{8C3B3D16-7EFF-4EA2-942B-85B45331CDB1}.Debug|Any CPU.Build.0 = Debug|Any CPU
		{8C3B3D16-7EFF-4EA2-942B-85B45331CDB1}.Release|Any CPU.ActiveCfg = Release|Any CPU
		{8C3B3D16-7EFF-4EA2-942B-85B45331CDB1}.Release|Any CPU.Build.0 = Release|Any CPU
		{154102F7-849B-4BF9-A48A-CEF6489226DA}.Debug|Any CPU.ActiveCfg = Debug|Any CPU
		{154102F7-849B-4BF9-A48A-CEF6489226DA}.Debug|Any CPU.Build.0 = Debug|Any CPU
		{154102F7-849B-4BF9-A48A-CEF6489226DA}.Release|Any CPU.ActiveCfg = Release|Any CPU
		{154102F7-849B-4BF9-A48A-CEF6489226DA}.Release|Any CPU.Build.0 = Release|Any CPU
		{DFD086CC-8D42-4D5D-8E4E-41C4DAF2B108}.Debug|Any CPU.ActiveCfg = Debug|Any CPU
		{DFD086CC-8D42-4D5D-8E4E-41C4DAF2B108}.Debug|Any CPU.Build.0 = Debug|Any CPU
		{DFD086CC-8D42-4D5D-8E4E-41C4DAF2B108}.Release|Any CPU.ActiveCfg = Release|Any CPU
		{DFD086CC-8D42-4D5D-8E4E-41C4DAF2B108}.Release|Any CPU.Build.0 = Release|Any CPU
	EndGlobalSection
	GlobalSection(SolutionProperties) = preSolution
		HideSolutionNode = FALSE
	EndGlobalSection
	GlobalSection(ExtensibilityGlobals) = postSolution
		SolutionGuid = {AD4DD99F-7EC1-48A4-91BB-F6C645AFCDAE}
	EndGlobalSection
EndGlobal
